{
  "version": 1,
  "dependencies": {
    ".NETCoreApp,Version=v3.1": {
      "FluentAssertions": {
        "type": "Direct",
        "requested": "[8.10.0, )",
        "resolved": "8.10.0",
        "contentHash": "yGvv+xp0gHFgGwhQcGoDdKIrhLhPi3zYYWWLLHPMctr+G6PWD7QH8L4wqoa5WRZquPbfSV/cP1MraI7ppAHrWw=="
      },
      "Microsoft.NET.Test.Sdk": {
        "type": "Direct",
        "requested": "[17.9.0, )",
        "resolved": "17.9.0",
        "contentHash": "7GUNAUbJYn644jzwLm5BD3a2p9C1dmP8Hr6fDPDxgItQk9hBs1Svdxzz07KQ/UphMSmgza9AbijBJGmw5D658A==",
        "dependencies": {
          "Microsoft.CodeCoverage": "17.9.0",
          "Microsoft.TestPlatform.TestHost": "17.9.0"
        }
      },
      "NSubstitute": {
        "type": "Direct",
        "requested": "[6.1.0, )",
        "resolved": "6.1.0",
        "contentHash": "4RKj/p9l0rylPcH+8EXMVbC4yNyfadUdzBFxog2caVThkMQpDw8Q+468mkFMjEmsFt+jXJSdtTwgVNkWzyCsHw==",
        "dependencies": {
          "Castle.Core": "5.1.1",
          "System.Threading.Tasks.Extensions": "4.5.4"
        }
      },
      "NUnit": {
        "type": "Direct",
        "requested": "[3.14.0, )",
        "resolved": "3.14.0",
        "contentHash": "R7iPwD7kbOaP3o2zldWJbWeMQAvDKD0uld27QvA3PAALl1unl7x0v2J7eGiJOYjimV/BuGT4VJmr45RjS7z4LA==",
        "dependencies": {
          "NETStandard.Library": "2.0.0"
        }
      },
      "NUnit3TestAdapter": {
        "type": "Direct",
        "requested": "[4.6.0, )",
        "resolved": "4.6.0",
        "contentHash": "R7e1+a4vuV/YS+ItfL7f//rG+JBvVeVLX4mHzFEZo4W1qEKl8Zz27AqvQSAqo+BtIzUCo4aAJMYa56VXS4hudw=="
      },
      "RichardSzalay.MockHttp": {
        "type": "Direct",
        "requested": "[7.1.0, )",
        "resolved": "7.1.0",
        "contentHash": "xIOzidJTpZa7f4Ig9xQDBhCXlZi2TCFA2mD0LQcA0J1ld6cVF42tU6+iOzfUAac4EfkvtYWsuMCLVckM6fQxLg=="
      },
      "Amazon.Lambda.Core": {
        "type": "Transitive",
        "resolved": "1.1.0",
        "contentHash": "ueGId8b4DEHoVWkHDs3iAJH8IUSAUGu5AqkoI/Syl4RuByzik7lz9IjoImiGAlGhtsQV02MHNeTo04IFjS37gQ=="
      },
      "AWSSDK.Core": {
        "type": "Transitive",
        "resolved": "4.0.101",
        "contentHash": "7Q0z0fLpy+w6h4G5z/qZ6PYGzZ0DgYjYkVdGMnhtjkgQaKX+Sjm0YxfFxFILRewxC4o6wwnrbvwaSj41LgRRfg=="
      },
      "AWSSDK.Route53": {
        "type": "Transitive",
        "resolved": "4.0.100.8",
        "contentHash": "O9QGRg/NfarZc63+FLQUd+WH/32e2GkvhzC2ExRne+W+3JmFtdS4Lrc+koclxV6X2anoCY+uA1dzY1bKfT9XxA==",
        "dependencies": {
          "AWSSDK.Core": "[4.0.101, 5.0.0)"
        }
      },
      "Castle.Core": {
        "type": "Transitive",
        "resolved": "5.1.1",
        "contentHash": "rpYtIczkzGpf+EkZgDr9CClTdemhsrwA/W5hMoPjLkRFnXzH44zDLoovXeKtmxb1ykXK9aJVODSpiJml8CTw2g==",
        "dependencies": {
          "System.Diagnostics.EventLog": "4.7.0"
        }
      },
      "Cythral.CloudFormation.CustomResource": {
        "type": "Transitive",
        "resolved": "0.2.24-alpha",
        "contentHash": "P0W53+uMy6BmnzanAOP5XRYhJPWxE56IK/o9MZyynThO2NetdjZpFicmY/zW/O3ZM340bRnaMxdFvNvLzhjxoA==",
        "dependencies": {
          "Cythral.CloudFormation.CustomResource.Attributes": "0.2.24-alpha",
          "Cythral.CloudFormation.CustomResource.Core": "0.2.24-alpha",
          "Cythral.CloudFormation.CustomResource.Generator": "0.2.24-alpha",
          "Cythral.CodeGeneration.Roslyn.Tool": "0.8.12-alpha-g888d1d7801"
        }
      },
      "Cythral.CloudFormation.CustomResource.Attributes": {
        "type": "Transitive",
        "resolved": "0.2.24-alpha",
        "contentHash": "b7ZtrrHw0qxBSD1qm/KgMedykwiaGPO/RKT54hLbsXpDULxy7G0NXQN/05Kl3I+URmuXTK2XVsUbQYfoUgI+zg==",
        "dependencies": {
          "Cythral.CodeGeneration.Roslyn.Attributes": "0.8.12-alpha-g888d1d7801"
        }
      },
      "Cythral.CloudFormation.CustomResource.Core": {
        "type": "Transitive",
        "resolved": "0.2.24-alpha",
        "contentHash": "cwhOvbrYr/O/WsFTEnA6CI6FvEN+dNEm3dD76391mbA+a/MIbG09BS3HXSJ3HXEi2dcnK3cKD3DbZ43QH8By0A==",
        "dependencies": {
          "AWSSDK.Core": "3.3.106.4",
          "Amazon.Lambda.Core": "1.1.0",
          "Cythral.CloudFormation.CustomResource.Attributes": "0.2.24-alpha",
          "System.Text.Json": "4.7.1"
        }
      },
      "Cythral.CloudFormation.CustomResource.Generator": {
        "type": "Transitive",
        "resolved": "0.2.24-alpha",
        "contentHash": "QRxgRV3ydO0INHs+ZxwFnQkrPQ0H4lyYktZy0i3VhN6nFNlBg0HnBQ09XHRf69bZmjdAYEqPZk2ortCo3os7mA=="
      },
      "Cythral.CodeGeneration.Roslyn.Attributes": {
        "type": "Transitive",
        "resolved": "0.8.12-alpha-g888d1d7801",
        "contentHash": "wFdxzyHv3cSRn3nhx3qROlEQ2hMHn1bzJ2E5bWbXLbkznBHI8bZ6qMmKj2gXLDN1rCVo535P4IY33cCD5QWk5w==",
        "dependencies": {
          "NETStandard.Library": "1.6.1"
        }
      },
      "Cythral.CodeGeneration.Roslyn.Tool": {
        "type": "Transitive",
        "resolved": "0.8.12-alpha-g888d1d7801",
        "contentHash": "laQs6DOKs5aacX6UhjKuadQlK3D3V39OaaJPbOEoLOZPPlWkZ1Zh+x+8VEIdycMNAsA9FkxtOWVW887L5MJldA=="
      },
      "Microsoft.CodeCoverage": {
        "type": "Transitive",
        "resolved": "17.9.0",
        "contentHash": "RGD37ZSrratfScYXm7M0HjvxMxZyWZL4jm+XgMZbkIY1UPgjUpbNA/t+WTGj/rC/0Hm9A3IrH3ywbKZkOCnoZA=="
      },
      "Microsoft.NETCore.Platforms": {
        "type": "Transitive",
        "resolved": "3.1.0",
        "contentHash": "z7aeg8oHln2CuNulfhiLYxCVMPEwBl3rzicjvIX+4sUuCwvXw5oXQEtbiU2c0z4qYL5L3Kmx0mMA/+t/SbY67w=="
      },
      "Microsoft.TestPlatform.ObjectModel": {
        "type": "Transitive",
        "resolved": "17.9.0",
        "contentHash": "1ilw/8vgmjLyKU+2SKXKXaOqpYFJCQfGqGz+x0cosl981VzjrY74Sv6qAJv+neZMZ9ZMxF3ArN6kotaQ4uvEBw==",
        "dependencies": {
          "System.Reflection.Metadata": "1.6.0"
        }
      },
      "Microsoft.TestPlatform.TestHost": {
        "type": "Transitive",
        "resolved": "17.9.0",
        "contentHash": "Spmg7Wx49Ya3SxBjyeAR+nQpjMTKZwTwpZ7KyeOTIqI/WHNPnBU4HUvl5kuHPQAwGWqMy4FGZja1HvEwvoaDiA==",
        "dependencies": {
          "Microsoft.TestPlatform.ObjectModel": "17.9.0",
          "Newtonsoft.Json": "13.0.1"
        }
      },
      "Microsoft.Win32.Registry": {
        "type": "Transitive",
        "resolved": "4.7.0",
        "contentHash": "KSrRMb5vNi0CWSGG1++id2ZOs/1QhRqROt+qgbEAdQuGjGrFcl4AOl4/exGPUYz2wUnU42nvJqon1T3U0kPXLA==",
        "dependencies": {
          "System.Security.AccessControl": "4.7.0",
          "System.Security.Principal.Windows": "4.7.0"
        }
      },
      "NETStandard.Library": {
        "type": "Transitive",
        "resolved": "2.0.0",
        "contentHash": "7jnbRU+L08FXKMxqUflxEXtVymWvNOrS8yHgu9s6EM8Anr6T/wIX4nZ08j/u3Asz+tCufp3YVwFSEvFTPYmBPA==",
        "dependencies": {
          "Microsoft.NETCore.Platforms": "1.1.0"
        }
      },
      "Newtonsoft.Json": {
        "type": "Transitive",
        "resolved": "13.0.1",
        "contentHash": "ppPFpBcvxdsfUonNcvITKqLl3bqxWbDCZIzDWHzjpdAHRFfZe0Dw9HmA0+za13IdyrgJwpkDTDA9fHaxOrt20A=="
      },
      "System.Diagnostics.EventLog": {
        "type": "Transitive",
        "resolved": "4.7.0",
        "contentHash": "iDoKGQcRwX0qwY+eAEkaJGae0d/lHlxtslO+t8pJWAUxlvY3tqLtVOPnW2UU4cFjP0Y/L1QBqhkZfSyGqVMR2w==",
        "dependencies": {
          "Microsoft.NETCore.Platforms": "3.1.0",
          "Microsoft.Win32.Registry": "4.7.0",
          "System.Security.Principal.Windows": "4.7.0"
        }
      },
      "System.Reflection.Metadata": {
        "type": "Transitive",
        "resolved": "1.6.0",
        "contentHash": "COC1aiAJjCoA5GBF+QKL2uLqEBew4JsCkQmoHKbN3TlOZKa2fKLz5CpiRQKDz0RsAOEGsVKqOD5bomsXq/4STQ=="
      },
      "System.Security.AccessControl": {
        "type": "Transitive",
        "resolved": "4.7.0",
        "contentHash": "JECvTt5aFF3WT3gHpfofL2MNNP6v84sxtXxpqhLBCcDRzqsPBmHhQ6shv4DwwN2tRlzsUxtb3G9M3763rbXKDg==",
        "dependencies": {
          "Microsoft.NETCore.Platforms": "3.1.0",
          "System.Security.Principal.Windows": "4.7.0"
        }
      },
      "System.Security.Principal.Windows": {
        "type": "Transitive",
        "resolved": "4.7.0",
        "contentHash": "ojD0PX0XhneCsUbAZVKdb7h/70vyYMDYs85lwEI+LngEONe/17A0cFaRFqZU+sOEidcVswYWikYOQ9PPfjlbtQ=="
      },
      "System.Text.Json": {
        "type": "Transitive",
        "resolved": "4.7.1",
        "contentHash": "XwzMbct3iNepJaFylN1+l8weWlFburEzXidqleSsLvSXdHSIJHEKtRVKHPlpWcFmJX6k3goPFfVgUfp40RR+bg=="
      },
      "System.Threading.Tasks.Extensions": {
        "type": "Transitive",
        "resolved": "4.5.4",
        "contentHash": "zteT+G8xuGu6mS+mzDzYXbzS7rd3K6Fjb9RiZlYlJPam2/hU7JCBZBVEcywNuR+oZ1ncTvc/cq0faRr3P01OVg=="
      },
      "hostedzone": {
        "type": "Project",
        "dependencies": {
          "AWSSDK.Route53": "[4.0.100.8, )",
          "Cythral.CloudFormation.CustomResource": "[0.2.24-alpha, )"
        }
      }
    }
  }
}